
Microsoft Visual Studio Solution File, Format Version 12.00
# Visual Studio Version 17
VisualStudioVersion = 17.13.35605.110
MinimumVisualStudioVersion = 10.0.40219.1
Project("{FAE04EC0-301F-11D3-BF4B-00C04F79EFBC}") = "Sample", "Sample\Sample.csproj", "{5A7F8005-C165-6259-8009-1115B9A95056}"
EndProject
Project("{FAE04EC0-301F-11D3-BF4B-00C04F79EFBC}") = "RateLimiting.DataAnnotations", "RateLimiting.DataAnnotations\RateLimiting.DataAnnotations.csproj", "{A30E6A11-FAEA-A426-F8E1-42E19AD7229E}"
EndProject
Project("{2150E333-8FDC-42A3-9474-1A3956D46DE8}") = "解决方案项", "解决方案项", "{9FA3D6BD-1EC1-3BA5-80CB-CE02773A58D5}"
	ProjectSection(SolutionItems) = preProject
		README.md = README.md
	EndProjectSection
EndProject
Global
	GlobalSection(SolutionConfigurationPlatforms) = preSolution
		Debug|Any CPU = Debug|Any CPU
		Release|Any CPU = Release|Any CPU
	EndGlobalSection
	GlobalSection(ProjectConfigurationPlatforms) = postSolution
		{5A7F8005-C165-6259-8009-1115B9A95056}.Debug|Any CPU.ActiveCfg = Debug|Any CPU
		{5A7F8005-C165-6259-8009-1115B9A95056}.Debug|Any CPU.Build.0 = Debug|Any CPU
		{5A7F8005-C165-6259-8009-1115B9A95056}.Release|Any CPU.ActiveCfg = Release|Any CPU
		{5A7F8005-C165-6259-8009-1115B9A95056}.Release|Any CPU.Build.0 = Release|Any CPU
		{A30E6A11-FAEA-A426-F8E1-42E19AD7229E}.Debug|Any CPU.ActiveCfg = Debug|Any CPU
		{A30E6A11-FAEA-A426-F8E1-42E19AD7229E}.Debug|Any CPU.Build.0 = Debug|Any CPU
		{A30E6A11-FAEA-A426-F8E1-42E19AD7229E}.Release|Any CPU.ActiveCfg = Release|Any CPU
		{A30E6A11-FAEA-A426-F8E1-42E19AD7229E}.Release|Any CPU.Build.0 = Release|Any CPU
	EndGlobalSection
	GlobalSection(SolutionProperties) = preSolution
		HideSolutionNode = FALSE
	EndGlobalSection
	GlobalSection(ExtensibilityGlobals) = postSolution
		SolutionGuid = {50F0DBAD-5021-4145-86F9-FA8DBEBF05F4}
	EndGlobalSection
EndGlobal
