
Microsoft Visual Studio Solution File, Format Version 12.00
# Visual Studio Version 17
VisualStudioVersion = 17.13.35605.110
MinimumVisualStudioVersion = 10.0.40219.1
Project("{FAE04EC0-301F-11D3-BF4B-00C04F79EFBC}") = "UnitRateLimiter", "UnitRateLimiter\UnitRateLimiter.csproj", "{2AFF58A9-622C-4CC4-212C-CC3A20976A30}"
EndProject
Project("{FAE04EC0-301F-11D3-BF4B-00C04F79EFBC}") = "WebApp", "WebApp\WebApp.csproj", "{1D6581C3-9094-43B7-A72A-39F97A9F0820}"
EndProject
Global
	GlobalSection(SolutionConfigurationPlatforms) = preSolution
		Debug|Any CPU = Debug|Any CPU
		Release|Any CPU = Release|Any CPU
	EndGlobalSection
	GlobalSection(ProjectConfigurationPlatforms) = postSolution
		{2AFF58A9-622C-4CC4-212C-CC3A20976A30}.Debug|Any CPU.ActiveCfg = Debug|Any CPU
		{2AFF58A9-622C-4CC4-212C-CC3A20976A30}.Debug|Any CPU.Build.0 = Debug|Any CPU
		{2AFF58A9-622C-4CC4-212C-CC3A20976A30}.Release|Any CPU.ActiveCfg = Release|Any CPU
		{2AFF58A9-622C-4CC4-212C-CC3A20976A30}.Release|Any CPU.Build.0 = Release|Any CPU
		{1D6581C3-9094-43B7-A72A-39F97A9F0820}.Debug|Any CPU.ActiveCfg = Debug|Any CPU
		{1D6581C3-9094-43B7-A72A-39F97A9F0820}.Debug|Any CPU.Build.0 = Debug|Any CPU
		{1D6581C3-9094-43B7-A72A-39F97A9F0820}.Release|Any CPU.ActiveCfg = Release|Any CPU
		{1D6581C3-9094-43B7-A72A-39F97A9F0820}.Release|Any CPU.Build.0 = Release|Any CPU
	EndGlobalSection
	GlobalSection(SolutionProperties) = preSolution
		HideSolutionNode = FALSE
	EndGlobalSection
	GlobalSection(ExtensibilityGlobals) = postSolution
		SolutionGuid = {50F0DBAD-5021-4145-86F9-FA8DBEBF05F4}
	EndGlobalSection
EndGlobal
