
Microsoft Visual Studio Solution File, Format Version 12.00
# Visual Studio Version 17
VisualStudioVersion = 17.13.35605.110 d17.13
MinimumVisualStudioVersion = 10.0.40219.1
Project("{FAE04EC0-301F-11D3-BF4B-00C04F79EFBC}") = "UnitLimiter", "UnitLimiter\UnitLimiter.csproj", "{32F9D8EA-83B1-ADA2-4589-44A98C6246B1}"
EndProject
Global
	GlobalSection(SolutionConfigurationPlatforms) = preSolution
		Debug|Any CPU = Debug|Any CPU
		Release|Any CPU = Release|Any CPU
	EndGlobalSection
	GlobalSection(ProjectConfigurationPlatforms) = postSolution
		{32F9D8EA-83B1-ADA2-4589-44A98C6246B1}.Debug|Any CPU.ActiveCfg = Debug|Any CPU
		{32F9D8EA-83B1-ADA2-4589-44A98C6246B1}.Debug|Any CPU.Build.0 = Debug|Any CPU
		{32F9D8EA-83B1-ADA2-4589-44A98C6246B1}.Release|Any CPU.ActiveCfg = Release|Any CPU
		{32F9D8EA-83B1-ADA2-4589-44A98C6246B1}.Release|Any CPU.Build.0 = Release|Any CPU
	EndGlobalSection
	GlobalSection(SolutionProperties) = preSolution
		HideSolutionNode = FALSE
	EndGlobalSection
	GlobalSection(ExtensibilityGlobals) = postSolution
		SolutionGuid = {50F0DBAD-5021-4145-86F9-FA8DBEBF05F4}
	EndGlobalSection
EndGlobal
